
Microsoft Visual Studio Solution File, Format Version 12.00
# Visual Studio Version 16
VisualStudioVersion = 16.0.30011.22
MinimumVisualStudioVersion = 10.0.40219.1
Project("{9A19103F-16F7-4668-BE54-9A1E7A4F7556}") = "PhotographyConsole", "PhotographyConsole\PhotographyConsole.csproj", "{F5A2F094-29A6-4A17-A81F-787EA5978FC5}"
EndProject
Project("{9A19103F-16F7-4668-BE54-9A1E7A4F7556}") = "ProductApi", "ProductApi\ProductApi.csproj", "{79E416C8-5CDE-4E6A-A372-E180B38B8AFC}"
EndProject
Project("{9A19103F-16F7-4668-BE54-9A1E7A4F7556}") = "SharedModels", "SharedModels\SharedModels.csproj", "{DFC7C0FA-E3AD-460A-871A-9A2BF56445F2}"
EndProject
Project("{9A19103F-16F7-4668-BE54-9A1E7A4F7556}") = "CustomerApi", "CustomerApi\CustomerApi.csproj", "{F32C7443-7B54-4264-96E0-68157ABB6664}"
EndProject
Project("{9A19103F-16F7-4668-BE54-9A1E7A4F7556}") = "OrderApi", "OrderApi\OrderApi.csproj", "{FCED46BA-F77D-4E73-A48F-26B197EF10FC}"
EndProject
Project("{E53339B2-1760-4266-BCC7-CA923CBCF16C}") = "docker-compose", "docker-compose.dcproj", "{9ACCF9FD-6641-4EDA-A795-5836DBC91E46}"
EndProject
Global
	GlobalSection(SolutionConfigurationPlatforms) = preSolution
		Debug|Any CPU = Debug|Any CPU
		Release|Any CPU = Release|Any CPU
	EndGlobalSection
	GlobalSection(ProjectConfigurationPlatforms) = postSolution
		{F5A2F094-29A6-4A17-A81F-787EA5978FC5}.Debug|Any CPU.ActiveCfg = Debug|Any CPU
		{F5A2F094-29A6-4A17-A81F-787EA5978FC5}.Debug|Any CPU.Build.0 = Debug|Any CPU
		{F5A2F094-29A6-4A17-A81F-787EA5978FC5}.Release|Any CPU.ActiveCfg = Release|Any CPU
		{F5A2F094-29A6-4A17-A81F-787EA5978FC5}.Release|Any CPU.Build.0 = Release|Any CPU
		{79E416C8-5CDE-4E6A-A372-E180B38B8AFC}.Debug|Any CPU.ActiveCfg = Debug|Any CPU
		{79E416C8-5CDE-4E6A-A372-E180B38B8AFC}.Debug|Any CPU.Build.0 = Debug|Any CPU
		{79E416C8-5CDE-4E6A-A372-E180B38B8AFC}.Release|Any CPU.ActiveCfg = Release|Any CPU
		{79E416C8-5CDE-4E6A-A372-E180B38B8AFC}.Release|Any CPU.Build.0 = Release|Any CPU
		{DFC7C0FA-E3AD-460A-871A-9A2BF56445F2}.Debug|Any CPU.ActiveCfg = Debug|Any CPU
		{DFC7C0FA-E3AD-460A-871A-9A2BF56445F2}.Debug|Any CPU.Build.0 = Debug|Any CPU
		{DFC7C0FA-E3AD-460A-871A-9A2BF56445F2}.Release|Any CPU.ActiveCfg = Release|Any CPU
		{DFC7C0FA-E3AD-460A-871A-9A2BF56445F2}.Release|Any CPU.Build.0 = Release|Any CPU
		{F32C7443-7B54-4264-96E0-68157ABB6664}.Debug|Any CPU.ActiveCfg = Debug|Any CPU
		{F32C7443-7B54-4264-96E0-68157ABB6664}.Debug|Any CPU.Build.0 = Debug|Any CPU
		{F32C7443-7B54-4264-96E0-68157ABB6664}.Release|Any CPU.ActiveCfg = Release|Any CPU
		{F32C7443-7B54-4264-96E0-68157ABB6664}.Release|Any CPU.Build.0 = Release|Any CPU
		{FCED46BA-F77D-4E73-A48F-26B197EF10FC}.Debug|Any CPU.ActiveCfg = Debug|Any CPU
		{FCED46BA-F77D-4E73-A48F-26B197EF10FC}.Debug|Any CPU.Build.0 = Debug|Any CPU
		{FCED46BA-F77D-4E73-A48F-26B197EF10FC}.Release|Any CPU.ActiveCfg = Release|Any CPU
		{FCED46BA-F77D-4E73-A48F-26B197EF10FC}.Release|Any CPU.Build.0 = Release|Any CPU
		{9ACCF9FD-6641-4EDA-A795-5836DBC91E46}.Debug|Any CPU.ActiveCfg = Debug|Any CPU
		{9ACCF9FD-6641-4EDA-A795-5836DBC91E46}.Debug|Any CPU.Build.0 = Debug|Any CPU
		{9ACCF9FD-6641-4EDA-A795-5836DBC91E46}.Release|Any CPU.ActiveCfg = Release|Any CPU
		{9ACCF9FD-6641-4EDA-A795-5836DBC91E46}.Release|Any CPU.Build.0 = Release|Any CPU
	EndGlobalSection
	GlobalSection(SolutionProperties) = preSolution
		HideSolutionNode = FALSE
	EndGlobalSection
	GlobalSection(ExtensibilityGlobals) = postSolution
		SolutionGuid = {20D6CCE1-26AA-4493-886A-128211E00486}
	EndGlobalSection
EndGlobal
